Microsoft Visual Studio Solution File, Format Version 11.00
# Visual Studio 2008

Project("{14B99EEB-C2F5-55A9-A0F1-A0C67AA448BD}") = "Wizard Needs Matches", "Assembly-CSharp.csproj", "{9066624C-A50D-356B-D673-D1F181FA23FB}"
EndProject
Global
	GlobalSection(SolutionConfigurationPlatforms) = preSolution
		Debug|Any CPU = Debug|Any CPU
		Release|Any CPU = Release|Any CPU
	EndGlobalSection
	GlobalSection(ProjectConfigurationPlatforms) = postSolution
		{9066624C-A50D-356B-D673-D1F181FA23FB}.Debug|Any CPU.ActiveCfg = Debug|Any CPU
		{9066624C-A50D-356B-D673-D1F181FA23FB}.Debug|Any CPU.Build.0 = Debug|Any CPU
		{9066624C-A50D-356B-D673-D1F181FA23FB}.Release|Any CPU.ActiveCfg = Release|Any CPU
		{9066624C-A50D-356B-D673-D1F181FA23FB}.Release|Any CPU.Build.0 = Release|Any CPU
	EndGlobalSection
	GlobalSection(SolutionProperties) = preSolution
		HideSolutionNode = FALSE
	EndGlobalSection

EndGlobal
